github.com/apparentlymart/go-textseg/v15 v15.0.0 h1:uYvfpb3DyLSCGWnctWKGj857c6ew1u1fNQOlOtuGxQY=
github.com/apparentlymart/go-textseg/v15 v15.0.0/go.mod h1:K8XmNZdhEBkdlyDdvbmmsvpAG721bKi0joRfFdHIWJ4=
github.com/gastrodon/psyduck v1.2.3-0 h1:x527DEO7zAtAmqCTIM0YLNdyjCp9iVXm7jECgViSUSo=
github.com/gastrodon/psyduck v1.2.3-0/go.mod h1:bNmUirK6IBA81AG89Kk8/zVd/UHZN+Vj95EGhHcyC7A=
github.com/google/go-cmp v0.6.0 h1:ofyhxvXcZhMsU5ulbFiLKl/XBFqE1GSq7atu8tAmTRI=
github.com/zclconf/go-cty v1.14.3 h1:1JXy1XroaGrzZuG6X9dt7HL6s9AwbY+l4UNL8o5B6ho=
github.com/zclconf/go-cty v1.14.3/go.mod h1:VvMs5i0vgZdhYawQNq5kePSpLAoz8u1xvZgrPIxfnZE=
golang.org/x/text v0.14.0 h1:ScX5w1eTa3QqT8oi6+ziP7dTV1S2+ALU0bI+0zXKWiQ=
golang.org/x/text v0.14.0/go.mod h1:18ZOQIKpY8NJVqYksKHtTdi31H5itFRjB5/qKTNYzSU=
